
Microsoft Visual Studio Solution File, Format Version 12.00
# Visual Studio Version 16
VisualStudioVersion = 16.0.30406.217
MinimumVisualStudioVersion = 10.0.40219.1
Project("{8BC9CEB8-8B4A-11D0-8D11-00A0C91BC942}") = "leetcode_1154", "leetcode_1154.vcxproj", "{26711854-0947-4852-9184-1E0E5CC045FC}"
EndProject
Global
	GlobalSection(SolutionConfigurationPlatforms) = preSolution
		Debug|x64 = Debug|x64
		Debug|x86 = Debug|x86
		Release|x64 = Release|x64
		Release|x86 = Release|x86
	EndGlobalSection
	GlobalSection(ProjectConfigurationPlatforms) = postSolution
		{26711854-0947-4852-9184-1E0E5CC045FC}.Debug|x64.ActiveCfg = Debug|x64
		{26711854-0947-4852-9184-1E0E5CC045FC}.Debug|x64.Build.0 = Debug|x64
		{26711854-0947-4852-9184-1E0E5CC045FC}.Debug|x86.ActiveCfg = Debug|Win32
		{26711854-0947-4852-9184-1E0E5CC045FC}.Debug|x86.Build.0 = Debug|Win32
		{26711854-0947-4852-9184-1E0E5CC045FC}.Release|x64.ActiveCfg = Release|x64
		{26711854-0947-4852-9184-1E0E5CC045FC}.Release|x64.Build.0 = Release|x64
		{26711854-0947-4852-9184-1E0E5CC045FC}.Release|x86.ActiveCfg = Release|Win32
		{26711854-0947-4852-9184-1E0E5CC045FC}.Release|x86.Build.0 = Release|Win32
	EndGlobalSection
	GlobalSection(SolutionProperties) = preSolution
		HideSolutionNode = FALSE
	EndGlobalSection
	GlobalSection(ExtensibilityGlobals) = postSolution
		SolutionGuid = {81616C44-F047-4589-BFAB-877033C451C0}
	EndGlobalSection
EndGlobal
